// !$*UTF8*$!
{
	archiveVersion = 1;
	classes = {
	};
	objectVersion = 46;
	objects = {

/* Begin PBXBuildFile section */
		C7027A1D1D262CE1007AA9BF /* ApiService.swift in Sources */ = {isa = PBXBuildFile; fileRef = C7027A1C1D262CE1007AA9BF /* ApiService.swift */; };
		C7027A691D296DE4007AA9BF /* FeedCell.swift in Sources */ = {isa = PBXBuildFile; fileRef = C7027A681D296DE4007AA9BF /* FeedCell.swift */; };
		C766D2491D09F1D9005921EC /* Video.swift in Sources */ = {isa = PBXBuildFile; fileRef = C766D2481D09F1D9005921EC /* Video.swift */; };
		C77B55171CFFF3AD00FF375C /* AppDelegate.swift in Sources */ = {isa = PBXBuildFile; fileRef = C77B55161CFFF3AD00FF375C /* AppDelegate.swift */; };
		C77B55191CFFF3AD00FF375C /* HomeController.swift in Sources */ = {isa = PBXBuildFile; fileRef = C77B55181CFFF3AD00FF375C /* HomeController.swift */; };
		C77B551C1CFFF3AD00FF375C /* Main.storyboard in Resources */ = {isa = PBXBuildFile; fileRef = C77B551A1CFFF3AD00FF375C /* Main.storyboard */; };
		C77B551E1CFFF3AD00FF375C /* Assets.xcassets in Resources */ = {isa = PBXBuildFile; fileRef = C77B551D1CFFF3AD00FF375C /* Assets.xcassets */; };
		C77B55211CFFF3AD00FF375C /* LaunchScreen.storyboard in Resources */ = {isa = PBXBuildFile; fileRef = C77B551F1CFFF3AD00FF375C /* LaunchScreen.storyboard */; };
		C77B554F1D02340600FF375C /* Extensions.swift in Sources */ = {isa = PBXBuildFile; fileRef = C77B554E1D02340600FF375C /* Extensions.swift */; };
		C77B55521D02345100FF375C /* VideoCell.swift in Sources */ = {isa = PBXBuildFile; fileRef = C77B55511D02345100FF375C /* VideoCell.swift */; };
		C77B55751D05632E00FF375C /* MenuBar.swift in Sources */ = {isa = PBXBuildFile; fileRef = C77B55741D05632E00FF375C /* MenuBar.swift */; };
		C7E095C91D14C6690081F88C /* SettingsLauncher.swift in Sources */ = {isa = PBXBuildFile; fileRef = C7E095C81D14C6690081F88C /* SettingsLauncher.swift */; };
		C7E095CF1D15C0020081F88C /* SettingCell.swift in Sources */ = {isa = PBXBuildFile; fileRef = C7E095CE1D15C0020081F88C /* SettingCell.swift */; };
		C7FAEAA41D30EB6000BD5712 /* TrendingCell.swift in Sources */ = {isa = PBXBuildFile; fileRef = C7FAEAA31D30EB6000BD5712 /* TrendingCell.swift */; };
		C7FAEAA61D30ECD600BD5712 /* SubscriptionCell.swift in Sources */ = {isa = PBXBuildFile; fileRef = C7FAEAA51D30ECD600BD5712 /* SubscriptionCell.swift */; };
/* End PBXBuildFile section */

/* Begin PBXFileReference section */
		C7027A1C1D262CE1007AA9BF /* ApiService.swift */ = {isa = PBXFileReference; fileEncoding = 4; lastKnownFileType = sourcecode.swift; path = ApiService.swift; sourceTree = "<group>"; };
		C7027A681D296DE4007AA9BF /* FeedCell.swift */ = {isa = PBXFileReference; fileEncoding = 4; lastKnownFileType = sourcecode.swift; path = FeedCell.swift; sourceTree = "<group>"; };
		C766D2481D09F1D9005921EC /* Video.swift */ = {isa = PBXFileReference; fileEncoding = 4; lastKnownFileType = sourcecode.swift; path = Video.swift; sourceTree = "<group>"; };
		C77B55131CFFF3AD00FF375C /* youtube.app */ = {isa = PBXFileReference; explicitFileType = wrapper.application; includeInIndex = 0; path = youtube.app; sourceTree = BUILT_PRODUCTS_DIR; };
		C77B55161CFFF3AD00FF375C /* AppDelegate.swift */ = {isa = PBXFileReference; lastKnownFileType = sourcecode.swift; path = AppDelegate.swift; sourceTree = "<group>"; };
		C77B55181CFFF3AD00FF375C /* HomeController.swift */ = {isa = PBXFileReference; lastKnownFileType = sourcecode.swift; path = HomeController.swift; sourceTree = "<group>"; };
		C77B551B1CFFF3AD00FF375C /* Base */ = {isa = PBXFileReference; lastKnownFileType = file.storyboard; name = Base; path = Base.lproj/Main.storyboard; sourceTree = "<group>"; };
		C77B551D1CFFF3AD00FF375C /* Assets.xcassets */ = {isa = PBXFileReference; lastKnownFileType = folder.assetcatalog; path = Assets.xcassets; sourceTree = "<group>"; };
		C77B55201CFFF3AD00FF375C /* Base */ = {isa = PBXFileReference; lastKnownFileType = file.storyboard; name = Base; path = Base.lproj/LaunchScreen.storyboard; sourceTree = "<group>"; };
		C77B55221CFFF3AD00FF375C /* Info.plist */ = {isa = PBXFileReference; lastKnownFileType = text.plist.xml; path = Info.plist; sourceTree = "<group>"; };
		C77B554E1D02340600FF375C /* Extensions.swift */ = {isa = PBXFileReference; fileEncoding = 4; lastKnownFileType = sourcecode.swift; path = Extensions.swift; sourceTree = "<group>"; };
		C77B55511D02345100FF375C /* VideoCell.swift */ = {isa = PBXFileReference; fileEncoding = 4; lastKnownFileType = sourcecode.swift; path = VideoCell.swift; sourceTree = "<group>"; };
		C77B55741D05632E00FF375C /* MenuBar.swift */ = {isa = PBXFileReference; fileEncoding = 4; lastKnownFileType = sourcecode.swift; path = MenuBar.swift; sourceTree = "<group>"; };
		C7E095C81D14C6690081F88C /* SettingsLauncher.swift */ = {isa = PBXFileReference; fileEncoding = 4; lastKnownFileType = sourcecode.swift; path = SettingsLauncher.swift; sourceTree = "<group>"; };
		C7E095CE1D15C0020081F88C /* SettingCell.swift */ = {isa = PBXFileReference; fileEncoding = 4; lastKnownFileType = sourcecode.swift; path = SettingCell.swift; sourceTree = "<group>"; };
		C7FAEAA31D30EB6000BD5712 /* TrendingCell.swift */ = {isa = PBXFileReference; fileEncoding = 4; lastKnownFileType = sourcecode.swift; path = TrendingCell.swift; sourceTree = "<group>"; };
		C7FAEAA51D30ECD600BD5712 /* SubscriptionCell.swift */ = {isa = PBXFileReference; fileEncoding = 4; lastKnownFileType = sourcecode.swift; path = SubscriptionCell.swift; sourceTree = "<group>"; };
/* End PBXFileReference section */

/* Begin PBXFrameworksBuildPhase section */
		C77B55101CFFF3AD00FF375C /* Frameworks */ = {
			isa = PBXFrameworksBuildPhase;
			buildActionMask = 2147483647;
			files = (
			);
			runOnlyForDeploymentPostprocessing = 0;
		};
/* End PBXFrameworksBuildPhase section */

/* Begin PBXGroup section */
		C7027A1B1D262CD1007AA9BF /* ApiService */ = {
			isa = PBXGroup;
			children = (
				C7027A1C1D262CE1007AA9BF /* ApiService.swift */,
			);
			name = ApiService;
			sourceTree = "<group>";
		};
		C766D2471D09F1CD005921EC /* Model */ = {
			isa = PBXGroup;
			children = (
				C766D2481D09F1D9005921EC /* Video.swift */,
			);
			name = Model;
			sourceTree = "<group>";
		};
		C77B550A1CFFF3AC00FF375C = {
			isa = PBXGroup;
			children = (
				C77B55151CFFF3AD00FF375C /* youtube */,
				C77B55141CFFF3AD00FF375C /* Products */,
			);
			sourceTree = "<group>";
		};
		C77B55141CFFF3AD00FF375C /* Products */ = {
			isa = PBXGroup;
			children = (
				C77B55131CFFF3AD00FF375C /* youtube.app */,
			);
			name = Products;
			sourceTree = "<group>";
		};
		C77B55151CFFF3AD00FF375C /* youtube */ = {
			isa = PBXGroup;
			children = (
				C7027A1B1D262CD1007AA9BF /* ApiService */,
				C766D2471D09F1CD005921EC /* Model */,
				C77B55501D02343900FF375C /* View */,
				C77B55531D02346C00FF375C /* Controller */,
				C77B554D1D0233F800FF375C /* Helpers */,
				C77B55161CFFF3AD00FF375C /* AppDelegate.swift */,
				C77B551A1CFFF3AD00FF375C /* Main.storyboard */,
				C77B551D1CFFF3AD00FF375C /* Assets.xcassets */,
				C77B551F1CFFF3AD00FF375C /* LaunchScreen.storyboard */,
				C77B55221CFFF3AD00FF375C /* Info.plist */,
			);
			path = youtube;
			sourceTree = "<group>";
		};
		C77B554D1D0233F800FF375C /* Helpers */ = {
			isa = PBXGroup;
			children = (
				C77B554E1D02340600FF375C /* Extensions.swift */,
			);
			name = Helpers;
			sourceTree = "<group>";
		};
		C77B55501D02343900FF375C /* View */ = {
			isa = PBXGroup;
			children = (
				C77B55511D02345100FF375C /* VideoCell.swift */,
				C77B55741D05632E00FF375C /* MenuBar.swift */,
				C7E095CE1D15C0020081F88C /* SettingCell.swift */,
				C7027A681D296DE4007AA9BF /* FeedCell.swift */,
				C7FAEAA31D30EB6000BD5712 /* TrendingCell.swift */,
				C7FAEAA51D30ECD600BD5712 /* SubscriptionCell.swift */,
			);
			name = View;
			sourceTree = "<group>";
		};
		C77B55531D02346C00FF375C /* Controller */ = {
			isa = PBXGroup;
			children = (
				C77B55181CFFF3AD00FF375C /* HomeController.swift */,
				C7E095C81D14C6690081F88C /* SettingsLauncher.swift */,
			);
			name = Controller;
			sourceTree = "<group>";
		};
/* End PBXGroup section */

/* Begin PBXNativeTarget section */
		C77B55121CFFF3AD00FF375C /* youtube */ = {
			isa = PBXNativeTarget;
			buildConfigurationList = C77B55251CFFF3AD00FF375C /* Build configuration list for PBXNativeTarget "youtube" */;
			buildPhases = (
				C77B550F1CFFF3AD00FF375C /* Sources */,
				C77B55101CFFF3AD00FF375C /* Frameworks */,
				C77B55111CFFF3AD00FF375C /* Resources */,
			);
			buildRules = (
			);
			dependencies = (
			);
			name = youtube;
			productName = youtube;
			productReference = C77B55131CFFF3AD00FF375C /* youtube.app */;
			productType = "com.apple.product-type.application";
		};
/* End PBXNativeTarget section */

/* Begin PBXProject section */
		C77B550B1CFFF3AC00FF375C /* Project object */ = {
			isa = PBXProject;
			attributes = {
				LastSwiftUpdateCheck = 0730;
				LastUpgradeCheck = 0730;
				ORGANIZATIONNAME = letsbuildthatapp;
				TargetAttributes = {
					C77B55121CFFF3AD00FF375C = {
						CreatedOnToolsVersion = 7.3.1;
					};
				};
			};
			buildConfigurationList = C77B550E1CFFF3AD00FF375C /* Build configuration list for PBXProject "youtube" */;
			compatibilityVersion = "Xcode 3.2";
			developmentRegion = English;
			hasScannedForEncodings = 0;
			knownRegions = (
				en,
				Base,
			);
			mainGroup = C77B550A1CFFF3AC00FF375C;
			productRefGroup = C77B55141CFFF3AD00FF375C /* Products */;
			projectDirPath = "";
			projectRoot = "";
			targets = (
				C77B55121CFFF3AD00FF375C /* youtube */,
			);
		};
/* End PBXProject section */

/* Begin PBXResourcesBuildPhase section */
		C77B55111CFFF3AD00FF375C /* Resources */ = {
			isa = PBXResourcesBuildPhase;
			buildActionMask = 2147483647;
			files = (
				C77B55211CFFF3AD00FF375C /* LaunchScreen.storyboard in Resources */,
				C77B551E1CFFF3AD00FF375C /* Assets.xcassets in Resources */,
				C77B551C1CFFF3AD00FF375C /* Main.storyboard in Resources */,
			);
			runOnlyForDeploymentPostprocessing = 0;
		};
/* End PBXResourcesBuildPhase section */

/* Begin PBXSourcesBuildPhase section */
		C77B550F1CFFF3AD00FF375C /* Sources */ = {
			isa = PBXSourcesBuildPhase;
			buildActionMask = 2147483647;
			files = (
				C77B55191CFFF3AD00FF375C /* HomeController.swift in Sources */,
				C7027A691D296DE4007AA9BF /* FeedCell.swift in Sources */,
				C7FAEAA41D30EB6000BD5712 /* TrendingCell.swift in Sources */,
				C766D2491D09F1D9005921EC /* Video.swift in Sources */,
				C7E095CF1D15C0020081F88C /* SettingCell.swift in Sources */,
				C77B55521D02345100FF375C /* VideoCell.swift in Sources */,
				C7E095C91D14C6690081F88C /* SettingsLauncher.swift in Sources */,
				C7027A1D1D262CE1007AA9BF /* ApiService.swift in Sources */,
				C77B554F1D02340600FF375C /* Extensions.swift in Sources */,
				C77B55171CFFF3AD00FF375C /* AppDelegate.swift in Sources */,
				C7FAEAA61D30ECD600BD5712 /* SubscriptionCell.swift in Sources */,
				C77B55751D05632E00FF375C /* MenuBar.swift in Sources */,
			);
			runOnlyForDeploymentPostprocessing = 0;
		};
/* End PBXSourcesBuildPhase section */

/* Begin PBXVariantGroup section */
		C77B551A1CFFF3AD00FF375C /* Main.storyboard */ = {
			isa = PBXVariantGroup;
			children = (
				C77B551B1CFFF3AD00FF375C /* Base */,
			);
			name = Main.storyboard;
			sourceTree = "<group>";
		};
		C77B551F1CFFF3AD00FF375C /* LaunchScreen.storyboard */ = {
			isa = PBXVariantGroup;
			children = (
				C77B55201CFFF3AD00FF375C /* Base */,
			);
			name = LaunchScreen.storyboard;
			sourceTree = "<group>";
		};
/* End PBXVariantGroup section */

/* Begin XCBuildConfiguration section */
		C77B55231CFFF3AD00FF375C /* Debug */ = {
			isa = XCBuildConfiguration;
			buildSettings = {
				ALWAYS_SEARCH_USER_PATHS = NO;
				CLANG_ANALYZER_NONNULL = YES;
				CLANG_CXX_LANGUAGE_STANDARD = "gnu++0x";
				CLANG_CXX_LIBRARY = "libc++";
				CLANG_ENABLE_MODULES = YES;
				CLANG_ENABLE_OBJC_ARC = YES;
				CLANG_WARN_BOOL_CONVERSION = YES;
				CLANG_WARN_CONSTANT_CONVERSION = YES;
				CLANG_WARN_DIRECT_OBJC_ISA_USAGE = YES_ERROR;
				CLANG_WARN_EMPTY_BODY = YES;
				CLANG_WARN_ENUM_CONVERSION = YES;
				CLANG_WARN_INT_CONVERSION = YES;
				CLANG_WARN_OBJC_ROOT_CLASS = YES_ERROR;
				CLANG_WARN_UNREACHABLE_CODE = YES;
				CLANG_WARN__DUPLICATE_METHOD_MATCH = YES;
				"CODE_SIGN_IDENTITY[sdk=iphoneos*]" = "iPhone Developer";
				COPY_PHASE_STRIP = NO;
				DEBUG_INFORMATION_FORMAT = dwarf;
				ENABLE_STRICT_OBJC_MSGSEND = YES;
				ENABLE_TESTABILITY = YES;
				GCC_C_LANGUAGE_STANDARD = gnu99;
				GCC_DYNAMIC_NO_PIC = NO;
				GCC_NO_COMMON_BLOCKS = YES;
				GCC_OPTIMIZATION_LEVEL = 0;
				GCC_PREPROCESSOR_DEFINITIONS = (
					"DEBUG=1",
					"$(inherited)",
				);
				GCC_WARN_64_TO_32_BIT_CONVERSION = YES;
				GCC_WARN_ABOUT_RETURN_TYPE = YES_ERROR;
				GCC_WARN_UNDECLARED_SELECTOR = YES;
				GCC_WARN_UNINITIALIZED_AUTOS = YES_AGGRESSIVE;
				GCC_WARN_UNUSED_FUNCTION = YES;
				GCC_WARN_UNUSED_VARIABLE = YES;
				IPHONEOS_DEPLOYMENT_TARGET = 9.3;
				MTL_ENABLE_DEBUG_INFO = YES;
				ONLY_ACTIVE_ARCH = YES;
				SDKROOT = iphoneos;
				SWIFT_OPTIMIZATION_LEVEL = "-Onone";
				TARGETED_DEVICE_FAMILY = "1,2";
			};
			name = Debug;
		};
		C77B55241CFFF3AD00FF375C /* Release */ = {
			isa = XCBuildConfiguration;
			buildSettings = {
				ALWAYS_SEARCH_USER_PATHS = NO;
				CLANG_ANALYZER_NONNULL = YES;
				CLANG_CXX_LANGUAGE_STANDARD = "gnu++0x";
				CLANG_CXX_LIBRARY = "libc++";
				CLANG_ENABLE_MODULES = YES;
				CLANG_ENABLE_OBJC_ARC = YES;
				CLANG_WARN_BOOL_CONVERSION = YES;
				CLANG_WARN_CONSTANT_CONVERSION = YES;
				CLANG_WARN_DIRECT_OBJC_ISA_USAGE = YES_ERROR;
				CLANG_WARN_EMPTY_BODY = YES;
				CLANG_WARN_ENUM_CONVERSION = YES;
				CLANG_WARN_INT_CONVERSION = YES;
				CLANG_WARN_OBJC_ROOT_CLASS = YES_ERROR;
				CLANG_WARN_UNREACHABLE_CODE = YES;
				CLANG_WARN__DUPLICATE_METHOD_MATCH = YES;
				"CODE_SIGN_IDENTITY[sdk=iphoneos*]" = "iPhone Developer";
				COPY_PHASE_STRIP = NO;
				DEBUG_INFORMATION_FORMAT = "dwarf-with-dsym";
				ENABLE_NS_ASSERTIONS = NO;
				ENABLE_STRICT_OBJC_MSGSEND = YES;
				GCC_C_LANGUAGE_STANDARD = gnu99;
				GCC_NO_COMMON_BLOCKS = YES;
				GCC_WARN_64_TO_32_BIT_CONVERSION = YES;
				GCC_WARN_ABOUT_RETURN_TYPE = YES_ERROR;
				GCC_WARN_UNDECLARED_SELECTOR = YES;
				GCC_WARN_UNINITIALIZED_AUTOS = YES_AGGRESSIVE;
				GCC_WARN_UNUSED_FUNCTION = YES;
				GCC_WARN_UNUSED_VARIABLE = YES;
				IPHONEOS_DEPLOYMENT_TARGET = 9.3;
				MTL_ENABLE_DEBUG_INFO = NO;
				SDKROOT = iphoneos;
				TARGETED_DEVICE_FAMILY = "1,2";
				VALIDATE_PRODUCT = YES;
			};
			name = Release;
		};
		C77B55261CFFF3AD00FF375C /* Debug */ = {
			isa = XCBuildConfiguration;
			buildSettings = {
				ASSETCATALOG_COMPILER_APPICON_NAME = AppIcon;
				INFOPLIST_FILE = youtube/Info.plist;
				LD_RUNPATH_SEARCH_PATHS = "$(inherited) @executable_path/Frameworks";
				PRODUCT_BUNDLE_IDENTIFIER = letsbuildthatapp.youtube;
				PRODUCT_NAME = "$(TARGET_NAME)";
			};
			name = Debug;
		};
		C77B55271CFFF3AD00FF375C /* Release */ = {
			isa = XCBuildConfiguration;
			buildSettings = {
				ASSETCATALOG_COMPILER_APPICON_NAME = AppIcon;
				INFOPLIST_FILE = youtube/Info.plist;
				LD_RUNPATH_SEARCH_PATHS = "$(inherited) @executable_path/Frameworks";
				PRODUCT_BUNDLE_IDENTIFIER = letsbuildthatapp.youtube;
				PRODUCT_NAME = "$(TARGET_NAME)";
			};
			name = Release;
		};
/* End XCBuildConfiguration section */

/* Begin XCConfigurationList section */
		C77B550E1CFFF3AD00FF375C /* Build configuration list for PBXProject "youtube" */ = {
			isa = XCConfigurationList;
			buildConfigurations = (
				C77B55231CFFF3AD00FF375C /* Debug */,
				C77B55241CFFF3AD00FF375C /* Release */,
			);
			defaultConfigurationIsVisible = 0;
			defaultConfigurationName = Release;
		};
		C77B55251CFFF3AD00FF375C /* Build configuration list for PBXNativeTarget "youtube" */ = {
			isa = XCConfigurationList;
			buildConfigurations = (
				C77B55261CFFF3AD00FF375C /* Debug */,
				C77B55271CFFF3AD00FF375C /* Release */,
			);
			defaultConfigurationIsVisible = 0;
			defaultConfigurationName = Release;
		};
/* End XCConfigurationList section */
	};
	rootObject = C77B550B1CFFF3AC00FF375C /* Project object */;
}
